// !$*UTF8*$!
{
	archiveVersion = 1;
	classes = {
	};
	objectVersion = 46;
	objects = {

/* Begin PBXBuildFile section */
		82D487D71B46DBE700D4F372 /* AppDelegate.swift in Sources */ = {isa = PBXBuildFile; fileRef = 82D487D61B46DBE700D4F372 /* AppDelegate.swift */; };
		82D487D91B46DBE700D4F372 /* ViewController.swift in Sources */ = {isa = PBXBuildFile; fileRef = 82D487D81B46DBE700D4F372 /* ViewController.swift */; };
		82D487DC1B46DBE700D4F372 /* Main.storyboard in Resources */ = {isa = PBXBuildFile; fileRef = 82D487DA1B46DBE700D4F372 /* Main.storyboard */; };
		82D487DE1B46DBE700D4F372 /* Images.xcassets in Resources */ = {isa = PBXBuildFile; fileRef = 82D487DD1B46DBE700D4F372 /* Images.xcassets */; };
		82D487E11B46DBE700D4F372 /* LaunchScreen.xib in Resources */ = {isa = PBXBuildFile; fileRef = 82D487DF1B46DBE700D4F372 /* LaunchScreen.xib */; };
		82D487ED1B46DBE700D4F372 /* TicTacToeTests.swift in Sources */ = {isa = PBXBuildFile; fileRef = 82D487EC1B46DBE700D4F372 /* TicTacToeTests.swift */; };
/* End PBXBuildFile section */

/* Begin PBXContainerItemProxy section */
		82D487E71B46DBE700D4F372 /* PBXContainerItemProxy */ = {
			isa = PBXContainerItemProxy;
			containerPortal = 82D487C91B46DBE700D4F372 /* Project object */;
			proxyType = 1;
			remoteGlobalIDString = 82D487D01B46DBE700D4F372;
			remoteInfo = TicTacToe;
		};
/* End PBXContainerItemProxy section */

/* Begin PBXFileReference section */
		82D487D11B46DBE700D4F372 /* TicTacToe.app */ = {isa = PBXFileReference; explicitFileType = wrapper.application; includeInIndex = 0; path = TicTacToe.app; sourceTree = BUILT_PRODUCTS_DIR; };
		82D487D51B46DBE700D4F372 /* Info.plist */ = {isa = PBXFileReference; lastKnownFileType = text.plist.xml; path = Info.plist; sourceTree = "<group>"; };
		82D487D61B46DBE700D4F372 /* AppDelegate.swift */ = {isa = PBXFileReference; lastKnownFileType = sourcecode.swift; path = AppDelegate.swift; sourceTree = "<group>"; };
		82D487D81B46DBE700D4F372 /* ViewController.swift */ = {isa = PBXFileReference; lastKnownFileType = sourcecode.swift; path = ViewController.swift; sourceTree = "<group>"; };
		82D487DB1B46DBE700D4F372 /* Base */ = {isa = PBXFileReference; lastKnownFileType = file.storyboard; name = Base; path = Base.lproj/Main.storyboard; sourceTree = "<group>"; };
		82D487DD1B46DBE700D4F372 /* Images.xcassets */ = {isa = PBXFileReference; lastKnownFileType = folder.assetcatalog; path = Images.xcassets; sourceTree = "<group>"; };
		82D487E01B46DBE700D4F372 /* Base */ = {isa = PBXFileReference; lastKnownFileType = file.xib; name = Base; path = Base.lproj/LaunchScreen.xib; sourceTree = "<group>"; };
		82D487E61B46DBE700D4F372 /* TicTacToeTests.xctest */ = {isa = PBXFileReference; explicitFileType = wrapper.cfbundle; includeInIndex = 0; path = TicTacToeTests.xctest; sourceTree = BUILT_PRODUCTS_DIR; };
		82D487EB1B46DBE700D4F372 /* Info.plist */ = {isa = PBXFileReference; lastKnownFileType = text.plist.xml; path = Info.plist; sourceTree = "<group>"; };
		82D487EC1B46DBE700D4F372 /* TicTacToeTests.swift */ = {isa = PBXFileReference; lastKnownFileType = sourcecode.swift; path = TicTacToeTests.swift; sourceTree = "<group>"; };
/* End PBXFileReference section */

/* Begin PBXFrameworksBuildPhase section */
		82D487CE1B46DBE700D4F372 /* Frameworks */ = {
			isa = PBXFrameworksBuildPhase;
			buildActionMask = 2147483647;
			files = (
			);
			runOnlyForDeploymentPostprocessing = 0;
		};
		82D487E31B46DBE700D4F372 /* Frameworks */ = {
			isa = PBXFrameworksBuildPhase;
			buildActionMask = 2147483647;
			files = (
			);
			runOnlyForDeploymentPostprocessing = 0;
		};
/* End PBXFrameworksBuildPhase section */

/* Begin PBXGroup section */
		82D487C81B46DBE700D4F372 = {
			isa = PBXGroup;
			children = (
				82D487D31B46DBE700D4F372 /* TicTacToe */,
				82D487E91B46DBE700D4F372 /* TicTacToeTests */,
				82D487D21B46DBE700D4F372 /* Products */,
			);
			sourceTree = "<group>";
		};
		82D487D21B46DBE700D4F372 /* Products */ = {
			isa = PBXGroup;
			children = (
				82D487D11B46DBE700D4F372 /* TicTacToe.app */,
				82D487E61B46DBE700D4F372 /* TicTacToeTests.xctest */,
			);
			name = Products;
			sourceTree = "<group>";
		};
		82D487D31B46DBE700D4F372 /* TicTacToe */ = {
			isa = PBXGroup;
			children = (
				82D487D61B46DBE700D4F372 /* AppDelegate.swift */,
				82D487D81B46DBE700D4F372 /* ViewController.swift */,
				82D487DA1B46DBE700D4F372 /* Main.storyboard */,
				82D487DD1B46DBE700D4F372 /* Images.xcassets */,
				82D487DF1B46DBE700D4F372 /* LaunchScreen.xib */,
				82D487D41B46DBE700D4F372 /* Supporting Files */,
			);
			path = TicTacToe;
			sourceTree = "<group>";
		};
		82D487D41B46DBE700D4F372 /* Supporting Files */ = {
			isa = PBXGroup;
			children = (
				82D487D51B46DBE700D4F372 /* Info.plist */,
			);
			name = "Supporting Files";
			sourceTree = "<group>";
		};
		82D487E91B46DBE700D4F372 /* TicTacToeTests */ = {
			isa = PBXGroup;
			children = (
				82D487EC1B46DBE700D4F372 /* TicTacToeTests.swift */,
				82D487EA1B46DBE700D4F372 /* Supporting Files */,
			);
			path = TicTacToeTests;
			sourceTree = "<group>";
		};
		82D487EA1B46DBE700D4F372 /* Supporting Files */ = {
			isa = PBXGroup;
			children = (
				82D487EB1B46DBE700D4F372 /* Info.plist */,
			);
			name = "Supporting Files";
			sourceTree = "<group>";
		};
/* End PBXGroup section */

/* Begin PBXNativeTarget section */
		82D487D01B46DBE700D4F372 /* TicTacToe */ = {
			isa = PBXNativeTarget;
			buildConfigurationList = 82D487F01B46DBE700D4F372 /* Build configuration list for PBXNativeTarget "TicTacToe" */;
			buildPhases = (
				82D487CD1B46DBE700D4F372 /* Sources */,
				82D487CE1B46DBE700D4F372 /* Frameworks */,
				82D487CF1B46DBE700D4F372 /* Resources */,
			);
			buildRules = (
			);
			dependencies = (
			);
			name = TicTacToe;
			productName = TicTacToe;
			productReference = 82D487D11B46DBE700D4F372 /* TicTacToe.app */;
			productType = "com.apple.product-type.application";
		};
		82D487E51B46DBE700D4F372 /* TicTacToeTests */ = {
			isa = PBXNativeTarget;
			buildConfigurationList = 82D487F31B46DBE700D4F372 /* Build configuration list for PBXNativeTarget "TicTacToeTests" */;
			buildPhases = (
				82D487E21B46DBE700D4F372 /* Sources */,
				82D487E31B46DBE700D4F372 /* Frameworks */,
				82D487E41B46DBE700D4F372 /* Resources */,
			);
			buildRules = (
			);
			dependencies = (
				82D487E81B46DBE700D4F372 /* PBXTargetDependency */,
			);
			name = TicTacToeTests;
			productName = TicTacToeTests;
			productReference = 82D487E61B46DBE700D4F372 /* TicTacToeTests.xctest */;
			productType = "com.apple.product-type.bundle.unit-test";
		};
/* End PBXNativeTarget section */

/* Begin PBXProject section */
		82D487C91B46DBE700D4F372 /* Project object */ = {
			isa = PBXProject;
			attributes = {
				LastUpgradeCheck = 0630;
				ORGANIZATIONNAME = "CTD Summer";
				TargetAttributes = {
					82D487D01B46DBE700D4F372 = {
						CreatedOnToolsVersion = 6.3.2;
					};
					82D487E51B46DBE700D4F372 = {
						CreatedOnToolsVersion = 6.3.2;
						TestTargetID = 82D487D01B46DBE700D4F372;
					};
				};
			};
			buildConfigurationList = 82D487CC1B46DBE700D4F372 /* Build configuration list for PBXProject "TicTacToe" */;
			compatibilityVersion = "Xcode 3.2";
			developmentRegion = English;
			hasScannedForEncodings = 0;
			knownRegions = (
				en,
				Base,
			);
			mainGroup = 82D487C81B46DBE700D4F372;
			productRefGroup = 82D487D21B46DBE700D4F372 /* Products */;
			projectDirPath = "";
			projectRoot = "";
			targets = (
				82D487D01B46DBE700D4F372 /* TicTacToe */,
				82D487E51B46DBE700D4F372 /* TicTacToeTests */,
			);
		};
/* End PBXProject section */

/* Begin PBXResourcesBuildPhase section */
		82D487CF1B46DBE700D4F372 /* Resources */ = {
			isa = PBXResourcesBuildPhase;
			buildActionMask = 2147483647;
			files = (
				82D487DC1B46DBE700D4F372 /* Main.storyboard in Resources */,
				82D487E11B46DBE700D4F372 /* LaunchScreen.xib in Resources */,
				82D487DE1B46DBE700D4F372 /* Images.xcassets in Resources */,
			);
			runOnlyForDeploymentPostprocessing = 0;
		};
		82D487E41B46DBE700D4F372 /* Resources */ = {
			isa = PBXResourcesBuildPhase;
			buildActionMask = 2147483647;
			files = (
			);
			runOnlyForDeploymentPostprocessing = 0;
		};
/* End PBXResourcesBuildPhase section */

/* Begin PBXSourcesBuildPhase section */
		82D487CD1B46DBE700D4F372 /* Sources */ = {
			isa = PBXSourcesBuildPhase;
			buildActionMask = 2147483647;
			files = (
				82D487D91B46DBE700D4F372 /* ViewController.swift in Sources */,
				82D487D71B46DBE700D4F372 /* AppDelegate.swift in Sources */,
			);
			runOnlyForDeploymentPostprocessing = 0;
		};
		82D487E21B46DBE700D4F372 /* Sources */ = {
			isa = PBXSourcesBuildPhase;
			buildActionMask = 2147483647;
			files = (
				82D487ED1B46DBE700D4F372 /* TicTacToeTests.swift in Sources */,
			);
			runOnlyForDeploymentPostprocessing = 0;
		};
/* End PBXSourcesBuildPhase section */

/* Begin PBXTargetDependency section */
		82D487E81B46DBE700D4F372 /* PBXTargetDependency */ = {
			isa = PBXTargetDependency;
			target = 82D487D01B46DBE700D4F372 /* TicTacToe */;
			targetProxy = 82D487E71B46DBE700D4F372 /* PBXContainerItemProxy */;
		};
/* End PBXTargetDependency section */

/* Begin PBXVariantGroup section */
		82D487DA1B46DBE700D4F372 /* Main.storyboard */ = {
			isa = PBXVariantGroup;
			children = (
				82D487DB1B46DBE700D4F372 /* Base */,
			);
			name = Main.storyboard;
			sourceTree = "<group>";
		};
		82D487DF1B46DBE700D4F372 /* LaunchScreen.xib */ = {
			isa = PBXVariantGroup;
			children = (
				82D487E01B46DBE700D4F372 /* Base */,
			);
			name = LaunchScreen.xib;
			sourceTree = "<group>";
		};
/* End PBXVariantGroup section */

/* Begin XCBuildConfiguration section */
		82D487EE1B46DBE700D4F372 /* Debug */ = {
			isa = XCBuildConfiguration;
			buildSettings = {
				ALWAYS_SEARCH_USER_PATHS = NO;
				CLANG_CXX_LANGUAGE_STANDARD = "gnu++0x";
				CLANG_CXX_LIBRARY = "libc++";
				CLANG_ENABLE_MODULES = YES;
				CLANG_ENABLE_OBJC_ARC = YES;
				CLANG_WARN_BOOL_CONVERSION = YES;
				CLANG_WARN_CONSTANT_CONVERSION = YES;
				CLANG_WARN_DIRECT_OBJC_ISA_USAGE = YES_ERROR;
				CLANG_WARN_EMPTY_BODY = YES;
				CLANG_WARN_ENUM_CONVERSION = YES;
				CLANG_WARN_INT_CONVERSION = YES;
				CLANG_WARN_OBJC_ROOT_CLASS = YES_ERROR;
				CLANG_WARN_UNREACHABLE_CODE = YES;
				CLANG_WARN__DUPLICATE_METHOD_MATCH = YES;
				"CODE_SIGN_IDENTITY[sdk=iphoneos*]" = "iPhone Developer";
				COPY_PHASE_STRIP = NO;
				DEBUG_INFORMATION_FORMAT = "dwarf-with-dsym";
				ENABLE_STRICT_OBJC_MSGSEND = YES;
				GCC_C_LANGUAGE_STANDARD = gnu99;
				GCC_DYNAMIC_NO_PIC = NO;
				GCC_NO_COMMON_BLOCKS = YES;
				GCC_OPTIMIZATION_LEVEL = 0;
				GCC_PREPROCESSOR_DEFINITIONS = (
					"DEBUG=1",
					"$(inherited)",
				);
				GCC_SYMBOLS_PRIVATE_EXTERN = NO;
				GCC_WARN_64_TO_32_BIT_CONVERSION = YES;
				GCC_WARN_ABOUT_RETURN_TYPE = YES_ERROR;
				GCC_WARN_UNDECLARED_SELECTOR = YES;
				GCC_WARN_UNINITIALIZED_AUTOS = YES_AGGRESSIVE;
				GCC_WARN_UNUSED_FUNCTION = YES;
				GCC_WARN_UNUSED_VARIABLE = YES;
				IPHONEOS_DEPLOYMENT_TARGET = 8.3;
				MTL_ENABLE_DEBUG_INFO = YES;
				ONLY_ACTIVE_ARCH = YES;
				SDKROOT = iphoneos;
				SWIFT_OPTIMIZATION_LEVEL = "-Onone";
				TARGETED_DEVICE_FAMILY = "1,2";
			};
			name = Debug;
		};
		82D487EF1B46DBE700D4F372 /* Release */ = {
			isa = XCBuildConfiguration;
			buildSettings = {
				ALWAYS_SEARCH_USER_PATHS = NO;
				CLANG_CXX_LANGUAGE_STANDARD = "gnu++0x";
				CLANG_CXX_LIBRARY = "libc++";
				CLANG_ENABLE_MODULES = YES;
				CLANG_ENABLE_OBJC_ARC = YES;
				CLANG_WARN_BOOL_CONVERSION = YES;
				CLANG_WARN_CONSTANT_CONVERSION = YES;
				CLANG_WARN_DIRECT_OBJC_ISA_USAGE = YES_ERROR;
				CLANG_WARN_EMPTY_BODY = YES;
				CLANG_WARN_ENUM_CONVERSION = YES;
				CLANG_WARN_INT_CONVERSION = YES;
				CLANG_WARN_OBJC_ROOT_CLASS = YES_ERROR;
				CLANG_WARN_UNREACHABLE_CODE = YES;
				CLANG_WARN__DUPLICATE_METHOD_MATCH = YES;
				"CODE_SIGN_IDENTITY[sdk=iphoneos*]" = "iPhone Developer";
				COPY_PHASE_STRIP = NO;
				DEBUG_INFORMATION_FORMAT = "dwarf-with-dsym";
				ENABLE_NS_ASSERTIONS = NO;
				ENABLE_STRICT_OBJC_MSGSEND = YES;
				GCC_C_LANGUAGE_STANDARD = gnu99;
				GCC_NO_COMMON_BLOCKS = YES;
				GCC_WARN_64_TO_32_BIT_CONVERSION = YES;
				GCC_WARN_ABOUT_RETURN_TYPE = YES_ERROR;
				GCC_WARN_UNDECLARED_SELECTOR = YES;
				GCC_WARN_UNINITIALIZED_AUTOS = YES_AGGRESSIVE;
				GCC_WARN_UNUSED_FUNCTION = YES;
				GCC_WARN_UNUSED_VARIABLE = YES;
				IPHONEOS_DEPLOYMENT_TARGET = 8.3;
				MTL_ENABLE_DEBUG_INFO = NO;
				SDKROOT = iphoneos;
				TARGETED_DEVICE_FAMILY = "1,2";
				VALIDATE_PRODUCT = YES;
			};
			name = Release;
		};
		82D487F11B46DBE700D4F372 /* Debug */ = {
			isa = XCBuildConfiguration;
			buildSettings = {
				ASSETCATALOG_COMPILER_APPICON_NAME = AppIcon;
				INFOPLIST_FILE = TicTacToe/Info.plist;
				LD_RUNPATH_SEARCH_PATHS = "$(inherited) @executable_path/Frameworks";
				PRODUCT_NAME = "$(TARGET_NAME)";
			};
			name = Debug;
		};
		82D487F21B46DBE700D4F372 /* Release */ = {
			isa = XCBuildConfiguration;
			buildSettings = {
				ASSETCATALOG_COMPILER_APPICON_NAME = AppIcon;
				INFOPLIST_FILE = TicTacToe/Info.plist;
				LD_RUNPATH_SEARCH_PATHS = "$(inherited) @executable_path/Frameworks";
				PRODUCT_NAME = "$(TARGET_NAME)";
			};
			name = Release;
		};
		82D487F41B46DBE700D4F372 /* Debug */ = {
			isa = XCBuildConfiguration;
			buildSettings = {
				BUNDLE_LOADER = "$(TEST_HOST)";
				FRAMEWORK_SEARCH_PATHS = (
					"$(SDKROOT)/Developer/Library/Frameworks",
					"$(inherited)",
				);
				GCC_PREPROCESSOR_DEFINITIONS = (
					"DEBUG=1",
					"$(inherited)",
				);
				INFOPLIST_FILE = TicTacToeTests/Info.plist;
				LD_RUNPATH_SEARCH_PATHS = "$(inherited) @executable_path/Frameworks @loader_path/Frameworks";
				PRODUCT_NAME = "$(TARGET_NAME)";
				TEST_HOST = "$(BUILT_PRODUCTS_DIR)/TicTacToe.app/TicTacToe";
			};
			name = Debug;
		};
		82D487F51B46DBE700D4F372 /* Release */ = {
			isa = XCBuildConfiguration;
			buildSettings = {
				BUNDLE_LOADER = "$(TEST_HOST)";
				FRAMEWORK_SEARCH_PATHS = (
					"$(SDKROOT)/Developer/Library/Frameworks",
					"$(inherited)",
				);
				INFOPLIST_FILE = TicTacToeTests/Info.plist;
				LD_RUNPATH_SEARCH_PATHS = "$(inherited) @executable_path/Frameworks @loader_path/Frameworks";
				PRODUCT_NAME = "$(TARGET_NAME)";
				TEST_HOST = "$(BUILT_PRODUCTS_DIR)/TicTacToe.app/TicTacToe";
			};
			name = Release;
		};
/* End XCBuildConfiguration section */

/* Begin XCConfigurationList section */
		82D487CC1B46DBE700D4F372 /* Build configuration list for PBXProject "TicTacToe" */ = {
			isa = XCConfigurationList;
			buildConfigurations = (
				82D487EE1B46DBE700D4F372 /* Debug */,
				82D487EF1B46DBE700D4F372 /* Release */,
			);
			defaultConfigurationIsVisible = 0;
			defaultConfigurationName = Release;
		};
		82D487F01B46DBE700D4F372 /* Build configuration list for PBXNativeTarget "TicTacToe" */ = {
			isa = XCConfigurationList;
			buildConfigurations = (
				82D487F11B46DBE700D4F372 /* Debug */,
				82D487F21B46DBE700D4F372 /* Release */,
			);
			defaultConfigurationIsVisible = 0;
		};
		82D487F31B46DBE700D4F372 /* Build configuration list for PBXNativeTarget "TicTacToeTests" */ = {
			isa = XCConfigurationList;
			buildConfigurations = (
				82D487F41B46DBE700D4F372 /* Debug */,
				82D487F51B46DBE700D4F372 /* Release */,
			);
			defaultConfigurationIsVisible = 0;
		};
/* End XCConfigurationList section */
	};
	rootObject = 82D487C91B46DBE700D4F372 /* Project object */;
}
